
Microsoft Visual Studio Solution File, Format Version 12.00
# Visual Studio Version 17
VisualStudioVersion = 17.7.34031.279
MinimumVisualStudioVersion = 10.0.40219.1
Project("{FAE04EC0-301F-11D3-BF4B-00C04F79EFBC}") = "edu.ejercicioCalculadora", "edu.ejercicioCalculadora.csproj", "{3A57F576-0EE1-424F-9B0A-7A345E423FD6}"
EndProject
Global
	GlobalSection(SolutionConfigurationPlatforms) = preSolution
		Debug|Any CPU = Debug|Any CPU
		Release|Any CPU = Release|Any CPU
	EndGlobalSection
	GlobalSection(ProjectConfigurationPlatforms) = postSolution
		{3A57F576-0EE1-424F-9B0A-7A345E423FD6}.Debug|Any CPU.ActiveCfg = Debug|Any CPU
		{3A57F576-0EE1-424F-9B0A-7A345E423FD6}.Debug|Any CPU.Build.0 = Debug|Any CPU
		{3A57F576-0EE1-424F-9B0A-7A345E423FD6}.Release|Any CPU.ActiveCfg = Release|Any CPU
		{3A57F576-0EE1-424F-9B0A-7A345E423FD6}.Release|Any CPU.Build.0 = Release|Any CPU
	EndGlobalSection
	GlobalSection(SolutionProperties) = preSolution
		HideSolutionNode = FALSE
	EndGlobalSection
	GlobalSection(ExtensibilityGlobals) = postSolution
		SolutionGuid = {BF1760E7-5E1E-429A-AB1A-6C67D731D52F}
	EndGlobalSection
EndGlobal
